
Microsoft Visual Studio Solution File, Format Version 12.00
# Visual Studio 14
VisualStudioVersion = 14.0.25420.1
MinimumVisualStudioVersion = 10.0.40219.1
Project("{FAE04EC0-301F-11D3-BF4B-00C04F79EFBC}") = "laba5", "laba5\laba5.csproj", "{CA79E876-8028-4107-8D53-B1AD83770925}"
EndProject
Global
	GlobalSection(SolutionConfigurationPlatforms) = preSolution
		Debug|Any CPU = Debug|Any CPU
		Release|Any CPU = Release|Any CPU
	EndGlobalSection
	GlobalSection(ProjectConfigurationPlatforms) = postSolution
		{CA79E876-8028-4107-8D53-B1AD83770925}.Debug|Any CPU.ActiveCfg = Debug|Any CPU
		{CA79E876-8028-4107-8D53-B1AD83770925}.Debug|Any CPU.Build.0 = Debug|Any CPU
		{CA79E876-8028-4107-8D53-B1AD83770925}.Release|Any CPU.ActiveCfg = Release|Any CPU
		{CA79E876-8028-4107-8D53-B1AD83770925}.Release|Any CPU.Build.0 = Release|Any CPU
	EndGlobalSection
	GlobalSection(SolutionProperties) = preSolution
		HideSolutionNode = FALSE
	EndGlobalSection
EndGlobal
